
Microsoft Visual Studio Solution File, Format Version 11.00
# Visual Studio 2010
Project("{E24C65DC-7377-472B-9ABA-BC803B73C61A}") = "Site1", ".", "{16B649DC-C6B2-42DB-A1F7-A1BA7776461F}"
	ProjectSection(WebsiteProperties) = preProject
		TargetFrameworkMoniker = ".NETFramework,Version%3Dv4.0"
		Debug.AspNetCompiler.VirtualPath = "/Site1"
		Debug.AspNetCompiler.PhysicalPath = "..\Site1\"
		Debug.AspNetCompiler.TargetPath = "PrecompiledWeb\Site1\"
		Debug.AspNetCompiler.Updateable = "true"
		Debug.AspNetCompiler.ForceOverwrite = "true"
		Debug.AspNetCompiler.FixedNames = "false"
		Debug.AspNetCompiler.Debug = "True"
		Release.AspNetCompiler.VirtualPath = "/Site1"
		Release.AspNetCompiler.PhysicalPath = "..\Site1\"
		Release.AspNetCompiler.TargetPath = "PrecompiledWeb\Site1\"
		Release.AspNetCompiler.Updateable = "true"
		Release.AspNetCompiler.ForceOverwrite = "true"
		Release.AspNetCompiler.FixedNames = "false"
		Release.AspNetCompiler.Debug = "False"
		VWDPort = "51020"
	EndProjectSection
EndProject
Global
	GlobalSection(SolutionConfigurationPlatforms) = preSolution
		Debug|Any CPU = Debug|Any CPU
	EndGlobalSection
	GlobalSection(ProjectConfigurationPlatforms) = postSolution
		{16B649DC-C6B2-42DB-A1F7-A1BA7776461F}.Debug|Any CPU.ActiveCfg = Debug|Any CPU
		{16B649DC-C6B2-42DB-A1F7-A1BA7776461F}.Debug|Any CPU.Build.0 = Debug|Any CPU
	EndGlobalSection
	GlobalSection(SolutionProperties) = preSolution
		HideSolutionNode = FALSE
	EndGlobalSection
EndGlobal
